
Microsoft Visual Studio Solution File, Format Version 12.00
# Visual Studio 14
VisualStudioVersion = 14.0.25420.1
MinimumVisualStudioVersion = 10.0.40219.1
Project("{FAE04EC0-301F-11D3-BF4B-00C04F79EFBC}") = "Task1", "Task1\Task1.csproj", "{ABA96157-BF2A-42FA-9C7B-DAAADF4A5958}"
EndProject
Project("{FAE04EC0-301F-11D3-BF4B-00C04F79EFBC}") = "Task2", "Task2\Task2.csproj", "{69A69289-1186-4CE1-ADD4-2AD444880B04}"
EndProject
Project("{FAE04EC0-301F-11D3-BF4B-00C04F79EFBC}") = "Task3", "Task3\Task3.csproj", "{D8FC3770-BA13-49CF-A222-6C85D929906C}"
EndProject
Project("{FAE04EC0-301F-11D3-BF4B-00C04F79EFBC}") = "Task4", "Task4\Task4.csproj", "{6EBA893B-AF7D-494C-9A3B-4DFF59522886}"
EndProject
Project("{FAE04EC0-301F-11D3-BF4B-00C04F79EFBC}") = "Task5", "Task5\Task5.csproj", "{7723E7D8-3EC7-4B87-B609-1C42F2C9DE33}"
EndProject
Project("{FAE04EC0-301F-11D3-BF4B-00C04F79EFBC}") = "Task6", "Task6\Task6.csproj", "{95B33DA6-2A1C-4A93-9CCE-4AA3B4EDBE63}"
EndProject
Project("{FAE04EC0-301F-11D3-BF4B-00C04F79EFBC}") = "Task7", "Task7\Task7.csproj", "{F3AAA3F6-7122-4828-B014-897945EE9F3B}"
EndProject
Project("{FAE04EC0-301F-11D3-BF4B-00C04F79EFBC}") = "Task8", "Task8\Task8.csproj", "{A4D6FDC9-7FD9-46CF-B6BB-6EAC9D5F15E5}"
EndProject
Project("{FAE04EC0-301F-11D3-BF4B-00C04F79EFBC}") = "Task9", "Task9\Task9.csproj", "{85B363DE-FF53-4F0A-A2EB-564860750B13}"
EndProject
Project("{FAE04EC0-301F-11D3-BF4B-00C04F79EFBC}") = "Task10", "Task10\Task10.csproj", "{6E29DD98-AEEF-4DBD-8A17-2DCBD69B19BE}"
EndProject
Global
	GlobalSection(SolutionConfigurationPlatforms) = preSolution
		Debug|Any CPU = Debug|Any CPU
		Release|Any CPU = Release|Any CPU
	EndGlobalSection
	GlobalSection(ProjectConfigurationPlatforms) = postSolution
		{ABA96157-BF2A-42FA-9C7B-DAAADF4A5958}.Debug|Any CPU.ActiveCfg = Debug|Any CPU
		{ABA96157-BF2A-42FA-9C7B-DAAADF4A5958}.Debug|Any CPU.Build.0 = Debug|Any CPU
		{ABA96157-BF2A-42FA-9C7B-DAAADF4A5958}.Release|Any CPU.ActiveCfg = Release|Any CPU
		{ABA96157-BF2A-42FA-9C7B-DAAADF4A5958}.Release|Any CPU.Build.0 = Release|Any CPU
		{69A69289-1186-4CE1-ADD4-2AD444880B04}.Debug|Any CPU.ActiveCfg = Debug|Any CPU
		{69A69289-1186-4CE1-ADD4-2AD444880B04}.Debug|Any CPU.Build.0 = Debug|Any CPU
		{69A69289-1186-4CE1-ADD4-2AD444880B04}.Release|Any CPU.ActiveCfg = Release|Any CPU
		{69A69289-1186-4CE1-ADD4-2AD444880B04}.Release|Any CPU.Build.0 = Release|Any CPU
		{D8FC3770-BA13-49CF-A222-6C85D929906C}.Debug|Any CPU.ActiveCfg = Debug|Any CPU
		{D8FC3770-BA13-49CF-A222-6C85D929906C}.Debug|Any CPU.Build.0 = Debug|Any CPU
		{D8FC3770-BA13-49CF-A222-6C85D929906C}.Release|Any CPU.ActiveCfg = Release|Any CPU
		{D8FC3770-BA13-49CF-A222-6C85D929906C}.Release|Any CPU.Build.0 = Release|Any CPU
		{6EBA893B-AF7D-494C-9A3B-4DFF59522886}.Debug|Any CPU.ActiveCfg = Debug|Any CPU
		{6EBA893B-AF7D-494C-9A3B-4DFF59522886}.Debug|Any CPU.Build.0 = Debug|Any CPU
		{6EBA893B-AF7D-494C-9A3B-4DFF59522886}.Release|Any CPU.ActiveCfg = Release|Any CPU
		{6EBA893B-AF7D-494C-9A3B-4DFF59522886}.Release|Any CPU.Build.0 = Release|Any CPU
		{7723E7D8-3EC7-4B87-B609-1C42F2C9DE33}.Debug|Any CPU.ActiveCfg = Debug|Any CPU
		{7723E7D8-3EC7-4B87-B609-1C42F2C9DE33}.Debug|Any CPU.Build.0 = Debug|Any CPU
		{7723E7D8-3EC7-4B87-B609-1C42F2C9DE33}.Release|Any CPU.ActiveCfg = Release|Any CPU
		{7723E7D8-3EC7-4B87-B609-1C42F2C9DE33}.Release|Any CPU.Build.0 = Release|Any CPU
		{95B33DA6-2A1C-4A93-9CCE-4AA3B4EDBE63}.Debug|Any CPU.ActiveCfg = Debug|Any CPU
		{95B33DA6-2A1C-4A93-9CCE-4AA3B4EDBE63}.Debug|Any CPU.Build.0 = Debug|Any CPU
		{95B33DA6-2A1C-4A93-9CCE-4AA3B4EDBE63}.Release|Any CPU.ActiveCfg = Release|Any CPU
		{95B33DA6-2A1C-4A93-9CCE-4AA3B4EDBE63}.Release|Any CPU.Build.0 = Release|Any CPU
		{F3AAA3F6-7122-4828-B014-897945EE9F3B}.Debug|Any CPU.ActiveCfg = Debug|Any CPU
		{F3AAA3F6-7122-4828-B014-897945EE9F3B}.Debug|Any CPU.Build.0 = Debug|Any CPU
		{F3AAA3F6-7122-4828-B014-897945EE9F3B}.Release|Any CPU.ActiveCfg = Release|Any CPU
		{F3AAA3F6-7122-4828-B014-897945EE9F3B}.Release|Any CPU.Build.0 = Release|Any CPU
		{A4D6FDC9-7FD9-46CF-B6BB-6EAC9D5F15E5}.Debug|Any CPU.ActiveCfg = Debug|Any CPU
		{A4D6FDC9-7FD9-46CF-B6BB-6EAC9D5F15E5}.Debug|Any CPU.Build.0 = Debug|Any CPU
		{A4D6FDC9-7FD9-46CF-B6BB-6EAC9D5F15E5}.Release|Any CPU.ActiveCfg = Release|Any CPU
		{A4D6FDC9-7FD9-46CF-B6BB-6EAC9D5F15E5}.Release|Any CPU.Build.0 = Release|Any CPU
		{85B363DE-FF53-4F0A-A2EB-564860750B13}.Debug|Any CPU.ActiveCfg = Debug|Any CPU
		{85B363DE-FF53-4F0A-A2EB-564860750B13}.Debug|Any CPU.Build.0 = Debug|Any CPU
		{85B363DE-FF53-4F0A-A2EB-564860750B13}.Release|Any CPU.ActiveCfg = Release|Any CPU
		{85B363DE-FF53-4F0A-A2EB-564860750B13}.Release|Any CPU.Build.0 = Release|Any CPU
		{6E29DD98-AEEF-4DBD-8A17-2DCBD69B19BE}.Debug|Any CPU.ActiveCfg = Debug|Any CPU
		{6E29DD98-AEEF-4DBD-8A17-2DCBD69B19BE}.Debug|Any CPU.Build.0 = Debug|Any CPU
		{6E29DD98-AEEF-4DBD-8A17-2DCBD69B19BE}.Release|Any CPU.ActiveCfg = Release|Any CPU
		{6E29DD98-AEEF-4DBD-8A17-2DCBD69B19BE}.Release|Any CPU.Build.0 = Release|Any CPU
	EndGlobalSection
	GlobalSection(SolutionProperties) = preSolution
		HideSolutionNode = FALSE
	EndGlobalSection
EndGlobal
